// !$*UTF8*$!
{
	archiveVersion = 1;
	classes = {
	};
	objectVersion = 50;
	objects = {

/* Begin PBXBuildFile section */
		21D01FB325893340003EBA70 /* NewReview.swift in Sources */ = {isa = PBXBuildFile; fileRef = 21D01FB225893340003EBA70 /* NewReview.swift */; };
		21D39EEC257D40DD0038B1E4 /* GiveRatingAndReviewView.swift in Sources */ = {isa = PBXBuildFile; fileRef = 21D39EEB257D40DD0038B1E4 /* GiveRatingAndReviewView.swift */; };
		21D39EF4257D418D0038B1E4 /* ReviewTextField.swift in Sources */ = {isa = PBXBuildFile; fileRef = 21D39EF3257D418D0038B1E4 /* ReviewTextField.swift */; };
		21D39EF9257D4DE90038B1E4 /* SubmitButton.swift in Sources */ = {isa = PBXBuildFile; fileRef = 21D39EF8257D4DE90038B1E4 /* SubmitButton.swift */; };
		21D39EFE257D77A90038B1E4 /* StarsRating.swift in Sources */ = {isa = PBXBuildFile; fileRef = 21D39EFD257D77A90038B1E4 /* StarsRating.swift */; };
		21D39F06257E41D10038B1E4 /* GiveRatingAndReviewViewModel.swift in Sources */ = {isa = PBXBuildFile; fileRef = 21D39F05257E41D10038B1E4 /* GiveRatingAndReviewViewModel.swift */; };
		21D39F0B257E475F0038B1E4 /* Transaction.swift in Sources */ = {isa = PBXBuildFile; fileRef = 21D39F0A257E475F0038B1E4 /* Transaction.swift */; };
		21D39F10257E480B0038B1E4 /* HistoryViewModel.swift in Sources */ = {isa = PBXBuildFile; fileRef = 21D39F0F257E480B0038B1E4 /* HistoryViewModel.swift */; };
		21D39F18257EB7A80038B1E4 /* OrderDetailViewModel.swift in Sources */ = {isa = PBXBuildFile; fileRef = 21D39F17257EB7A80038B1E4 /* OrderDetailViewModel.swift */; };
		21D8C3E2257C006E00C57DAB /* OrderCellView.swift in Sources */ = {isa = PBXBuildFile; fileRef = 21D8C3E1257C006E00C57DAB /* OrderCellView.swift */; };
		21D8C3EA257C008800C57DAB /* HistoryView.swift in Sources */ = {isa = PBXBuildFile; fileRef = 21D8C3E9257C008800C57DAB /* HistoryView.swift */; };
		21D8C3F5257C04CE00C57DAB /* TitleLabel.swift in Sources */ = {isa = PBXBuildFile; fileRef = 21D8C3F4257C04CE00C57DAB /* TitleLabel.swift */; };
		21D8C3FD257C04E800C57DAB /* ContentLabel.swift in Sources */ = {isa = PBXBuildFile; fileRef = 21D8C3FC257C04E800C57DAB /* ContentLabel.swift */; };
		21D8C402257C050400C57DAB /* ReviewButton.swift in Sources */ = {isa = PBXBuildFile; fileRef = 21D8C401257C050400C57DAB /* ReviewButton.swift */; };
		21D8C407257C051900C57DAB /* OrderDetailView.swift in Sources */ = {isa = PBXBuildFile; fileRef = 21D8C406257C051900C57DAB /* OrderDetailView.swift */; };
		2D0942AB259F355B00130193 /* ReviewCellView.swift in Sources */ = {isa = PBXBuildFile; fileRef = 2D0942AA259F355B00130193 /* ReviewCellView.swift */; };
		2D0942B8259F3B4000130193 /* ReviewViewModel.swift in Sources */ = {isa = PBXBuildFile; fileRef = 2D0942B7259F3B4000130193 /* ReviewViewModel.swift */; };
		2D0942D2259F43E900130193 /* InfoCellView.swift in Sources */ = {isa = PBXBuildFile; fileRef = 2D0942D1259F43E900130193 /* InfoCellView.swift */; };
		2D0942DA259F45C300130193 /* InfoViewModel.swift in Sources */ = {isa = PBXBuildFile; fileRef = 2D0942D9259F45C300130193 /* InfoViewModel.swift */; };
		2D0942DF259F4CAA00130193 /* MoneyCellView.swift in Sources */ = {isa = PBXBuildFile; fileRef = 2D0942DE259F4CAA00130193 /* MoneyCellView.swift */; };
		2D0942E4259F4CB800130193 /* MCProfileViewModel.swift in Sources */ = {isa = PBXBuildFile; fileRef = 2D0942E3259F4CB800130193 /* MCProfileViewModel.swift */; };
		2D0942E925A0729000130193 /* StoreViewModel.swift in Sources */ = {isa = PBXBuildFile; fileRef = 2D0942E825A0729000130193 /* StoreViewModel.swift */; };
		2D784C55259F1E3A0052C2A2 /* Users.swift in Sources */ = {isa = PBXBuildFile; fileRef = 2D784C54259F1E3A0052C2A2 /* Users.swift */; };
		2D784C65259F1E920052C2A2 /* Stores.swift in Sources */ = {isa = PBXBuildFile; fileRef = 2D784C64259F1E920052C2A2 /* Stores.swift */; };
		2D784C6A259F1EAB0052C2A2 /* Currency.swift in Sources */ = {isa = PBXBuildFile; fileRef = 2D784C69259F1EAB0052C2A2 /* Currency.swift */; };
		2D784C6F259F1ECA0052C2A2 /* Reviews.swift in Sources */ = {isa = PBXBuildFile; fileRef = 2D784C6E259F1ECA0052C2A2 /* Reviews.swift */; };
		2D784C75259F20530052C2A2 /* MCProfileView.swift in Sources */ = {isa = PBXBuildFile; fileRef = 2D784C74259F20530052C2A2 /* MCProfileView.swift */; };
		2D784C82259F22770052C2A2 /* OperationalHours.swift in Sources */ = {isa = PBXBuildFile; fileRef = 2D784C81259F22770052C2A2 /* OperationalHours.swift */; };
		2D784C88259F32D00052C2A2 /* MCInfoView.swift in Sources */ = {isa = PBXBuildFile; fileRef = 2D784C87259F32D00052C2A2 /* MCInfoView.swift */; };
		2D784C91259F33350052C2A2 /* MCReviewView.swift in Sources */ = {isa = PBXBuildFile; fileRef = 2D784C90259F33350052C2A2 /* MCReviewView.swift */; };
		2D784C9A259F338B0052C2A2 /* MCMakeAppointmentView.swift in Sources */ = {isa = PBXBuildFile; fileRef = 2D784C99259F338B0052C2A2 /* MCMakeAppointmentView.swift */; };
		4903349B256D416C00B5CCA8 /* LoginView.swift in Sources */ = {isa = PBXBuildFile; fileRef = 49033496256D416900B5CCA8 /* LoginView.swift */; };
		490334A6256D41BD00B5CCA8 /* RegisterView.swift in Sources */ = {isa = PBXBuildFile; fileRef = 490334A5256D41BD00B5CCA8 /* RegisterView.swift */; };
		490334AF256D421800B5CCA8 /* WelcomePageView.swift in Sources */ = {isa = PBXBuildFile; fileRef = 490334AE256D421800B5CCA8 /* WelcomePageView.swift */; };
		490334B7256D47BF00B5CCA8 /* Notes.swift in Sources */ = {isa = PBXBuildFile; fileRef = 490334B6256D47BF00B5CCA8 /* Notes.swift */; };
		490334BF256D482000B5CCA8 /* LabelTemplate.swift in Sources */ = {isa = PBXBuildFile; fileRef = 490334BE256D482000B5CCA8 /* LabelTemplate.swift */; };
		49602D12256C198200BAD277 /* CashItApp.swift in Sources */ = {isa = PBXBuildFile; fileRef = 49602D11256C198200BAD277 /* CashItApp.swift */; };
		49602D16256C198400BAD277 /* Assets.xcassets in Resources */ = {isa = PBXBuildFile; fileRef = 49602D15256C198400BAD277 /* Assets.xcassets */; };
		49602D19256C198400BAD277 /* Preview Assets.xcassets in Resources */ = {isa = PBXBuildFile; fileRef = 49602D18256C198400BAD277 /* Preview Assets.xcassets */; };
		49602D24256C198500BAD277 /* CashItTests.swift in Sources */ = {isa = PBXBuildFile; fileRef = 49602D23256C198500BAD277 /* CashItTests.swift */; };
		49602D2F256C198500BAD277 /* CashItUITests.swift in Sources */ = {isa = PBXBuildFile; fileRef = 49602D2E256C198500BAD277 /* CashItUITests.swift */; };
		49A9E09325769B0600AA1327 /* HomeView.swift in Sources */ = {isa = PBXBuildFile; fileRef = 49A9E09225769B0600AA1327 /* HomeView.swift */; };
		49CAB2E62587536A00EC984F /* MapView.swift in Sources */ = {isa = PBXBuildFile; fileRef = 49CAB2E52587536A00EC984F /* MapView.swift */; };
/* End PBXBuildFile section */

/* Begin PBXContainerItemProxy section */
		49602D20256C198500BAD277 /* PBXContainerItemProxy */ = {
			isa = PBXContainerItemProxy;
			containerPortal = 49602D06256C198200BAD277 /* Project object */;
			proxyType = 1;
			remoteGlobalIDString = 49602D0D256C198200BAD277;
			remoteInfo = CashIt;
		};
		49602D2B256C198500BAD277 /* PBXContainerItemProxy */ = {
			isa = PBXContainerItemProxy;
			containerPortal = 49602D06256C198200BAD277 /* Project object */;
			proxyType = 1;
			remoteGlobalIDString = 49602D0D256C198200BAD277;
			remoteInfo = CashIt;
		};
/* End PBXContainerItemProxy section */

/* Begin PBXFileReference section */
		21D01FB225893340003EBA70 /* NewReview.swift */ = {isa = PBXFileReference; lastKnownFileType = sourcecode.swift; path = NewReview.swift; sourceTree = "<group>"; };
		21D39EEB257D40DD0038B1E4 /* GiveRatingAndReviewView.swift */ = {isa = PBXFileReference; lastKnownFileType = sourcecode.swift; path = GiveRatingAndReviewView.swift; sourceTree = "<group>"; };
		21D39EF3257D418D0038B1E4 /* ReviewTextField.swift */ = {isa = PBXFileReference; lastKnownFileType = sourcecode.swift; path = ReviewTextField.swift; sourceTree = "<group>"; };
		21D39EF8257D4DE90038B1E4 /* SubmitButton.swift */ = {isa = PBXFileReference; lastKnownFileType = sourcecode.swift; path = SubmitButton.swift; sourceTree = "<group>"; };
		21D39EFD257D77A90038B1E4 /* StarsRating.swift */ = {isa = PBXFileReference; lastKnownFileType = sourcecode.swift; path = StarsRating.swift; sourceTree = "<group>"; };
		21D39F05257E41D10038B1E4 /* GiveRatingAndReviewViewModel.swift */ = {isa = PBXFileReference; lastKnownFileType = sourcecode.swift; path = GiveRatingAndReviewViewModel.swift; sourceTree = "<group>"; };
		21D39F0A257E475F0038B1E4 /* Transaction.swift */ = {isa = PBXFileReference; lastKnownFileType = sourcecode.swift; path = Transaction.swift; sourceTree = "<group>"; };
		21D39F0F257E480B0038B1E4 /* HistoryViewModel.swift */ = {isa = PBXFileReference; lastKnownFileType = sourcecode.swift; path = HistoryViewModel.swift; sourceTree = "<group>"; };
		21D39F17257EB7A80038B1E4 /* OrderDetailViewModel.swift */ = {isa = PBXFileReference; lastKnownFileType = sourcecode.swift; path = OrderDetailViewModel.swift; sourceTree = "<group>"; };
		21D8C3E1257C006E00C57DAB /* OrderCellView.swift */ = {isa = PBXFileReference; lastKnownFileType = sourcecode.swift; path = OrderCellView.swift; sourceTree = "<group>"; };
		21D8C3E9257C008800C57DAB /* HistoryView.swift */ = {isa = PBXFileReference; lastKnownFileType = sourcecode.swift; path = HistoryView.swift; sourceTree = "<group>"; };
		21D8C3F4257C04CE00C57DAB /* TitleLabel.swift */ = {isa = PBXFileReference; lastKnownFileType = sourcecode.swift; path = TitleLabel.swift; sourceTree = "<group>"; };
		21D8C3FC257C04E800C57DAB /* ContentLabel.swift */ = {isa = PBXFileReference; lastKnownFileType = sourcecode.swift; path = ContentLabel.swift; sourceTree = "<group>"; };
		21D8C401257C050400C57DAB /* ReviewButton.swift */ = {isa = PBXFileReference; lastKnownFileType = sourcecode.swift; path = ReviewButton.swift; sourceTree = "<group>"; };
		21D8C406257C051900C57DAB /* OrderDetailView.swift */ = {isa = PBXFileReference; lastKnownFileType = sourcecode.swift; path = OrderDetailView.swift; sourceTree = "<group>"; };
		2D0942AA259F355B00130193 /* ReviewCellView.swift */ = {isa = PBXFileReference; lastKnownFileType = sourcecode.swift; path = ReviewCellView.swift; sourceTree = "<group>"; };
		2D0942B7259F3B4000130193 /* ReviewViewModel.swift */ = {isa = PBXFileReference; lastKnownFileType = sourcecode.swift; path = ReviewViewModel.swift; sourceTree = "<group>"; };
		2D0942D1259F43E900130193 /* InfoCellView.swift */ = {isa = PBXFileReference; lastKnownFileType = sourcecode.swift; path = InfoCellView.swift; sourceTree = "<group>"; };
		2D0942D9259F45C300130193 /* InfoViewModel.swift */ = {isa = PBXFileReference; lastKnownFileType = sourcecode.swift; path = InfoViewModel.swift; sourceTree = "<group>"; };
		2D0942DE259F4CAA00130193 /* MoneyCellView.swift */ = {isa = PBXFileReference; lastKnownFileType = sourcecode.swift; path = MoneyCellView.swift; sourceTree = "<group>"; };
		2D0942E3259F4CB800130193 /* MCProfileViewModel.swift */ = {isa = PBXFileReference; lastKnownFileType = sourcecode.swift; path = MCProfileViewModel.swift; sourceTree = "<group>"; };
		2D0942E825A0729000130193 /* StoreViewModel.swift */ = {isa = PBXFileReference; lastKnownFileType = sourcecode.swift; path = StoreViewModel.swift; sourceTree = "<group>"; };
		2D784C54259F1E3A0052C2A2 /* Users.swift */ = {isa = PBXFileReference; lastKnownFileType = sourcecode.swift; path = Users.swift; sourceTree = "<group>"; };
		2D784C64259F1E920052C2A2 /* Stores.swift */ = {isa = PBXFileReference; lastKnownFileType = sourcecode.swift; path = Stores.swift; sourceTree = "<group>"; };
		2D784C69259F1EAB0052C2A2 /* Currency.swift */ = {isa = PBXFileReference; lastKnownFileType = sourcecode.swift; path = Currency.swift; sourceTree = "<group>"; };
		2D784C6E259F1ECA0052C2A2 /* Reviews.swift */ = {isa = PBXFileReference; lastKnownFileType = sourcecode.swift; path = Reviews.swift; sourceTree = "<group>"; };
		2D784C74259F20530052C2A2 /* MCProfileView.swift */ = {isa = PBXFileReference; lastKnownFileType = sourcecode.swift; path = MCProfileView.swift; sourceTree = "<group>"; };
		2D784C81259F22770052C2A2 /* OperationalHours.swift */ = {isa = PBXFileReference; lastKnownFileType = sourcecode.swift; path = OperationalHours.swift; sourceTree = "<group>"; };
		2D784C87259F32D00052C2A2 /* MCInfoView.swift */ = {isa = PBXFileReference; lastKnownFileType = sourcecode.swift; path = MCInfoView.swift; sourceTree = "<group>"; };
		2D784C90259F33350052C2A2 /* MCReviewView.swift */ = {isa = PBXFileReference; lastKnownFileType = sourcecode.swift; path = MCReviewView.swift; sourceTree = "<group>"; };
		2D784C99259F338B0052C2A2 /* MCMakeAppointmentView.swift */ = {isa = PBXFileReference; lastKnownFileType = sourcecode.swift; path = MCMakeAppointmentView.swift; sourceTree = "<group>"; };
		49033496256D416900B5CCA8 /* LoginView.swift */ = {isa = PBXFileReference; lastKnownFileType = sourcecode.swift; path = LoginView.swift; sourceTree = "<group>"; };
		490334A5256D41BD00B5CCA8 /* RegisterView.swift */ = {isa = PBXFileReference; lastKnownFileType = sourcecode.swift; path = RegisterView.swift; sourceTree = "<group>"; };
		490334AE256D421800B5CCA8 /* WelcomePageView.swift */ = {isa = PBXFileReference; lastKnownFileType = sourcecode.swift; path = WelcomePageView.swift; sourceTree = "<group>"; };
		490334B6256D47BF00B5CCA8 /* Notes.swift */ = {isa = PBXFileReference; lastKnownFileType = sourcecode.swift; path = Notes.swift; sourceTree = "<group>"; };
		490334BE256D482000B5CCA8 /* LabelTemplate.swift */ = {isa = PBXFileReference; lastKnownFileType = sourcecode.swift; path = LabelTemplate.swift; sourceTree = "<group>"; };
		49602D0E256C198200BAD277 /* CashIt.app */ = {isa = PBXFileReference; explicitFileType = wrapper.application; includeInIndex = 0; path = CashIt.app; sourceTree = BUILT_PRODUCTS_DIR; };
		49602D11256C198200BAD277 /* CashItApp.swift */ = {isa = PBXFileReference; lastKnownFileType = sourcecode.swift; path = CashItApp.swift; sourceTree = "<group>"; };
		49602D15256C198400BAD277 /* Assets.xcassets */ = {isa = PBXFileReference; lastKnownFileType = folder.assetcatalog; path = Assets.xcassets; sourceTree = "<group>"; };
		49602D18256C198400BAD277 /* Preview Assets.xcassets */ = {isa = PBXFileReference; lastKnownFileType = folder.assetcatalog; path = "Preview Assets.xcassets"; sourceTree = "<group>"; };
		49602D1A256C198400BAD277 /* Info.plist */ = {isa = PBXFileReference; lastKnownFileType = text.plist.xml; path = Info.plist; sourceTree = "<group>"; };
		49602D1F256C198500BAD277 /* CashItTests.xctest */ = {isa = PBXFileReference; explicitFileType = wrapper.cfbundle; includeInIndex = 0; path = CashItTests.xctest; sourceTree = BUILT_PRODUCTS_DIR; };
		49602D23256C198500BAD277 /* CashItTests.swift */ = {isa = PBXFileReference; lastKnownFileType = sourcecode.swift; path = CashItTests.swift; sourceTree = "<group>"; };
		49602D25256C198500BAD277 /* Info.plist */ = {isa = PBXFileReference; lastKnownFileType = text.plist.xml; path = Info.plist; sourceTree = "<group>"; };
		49602D2A256C198500BAD277 /* CashItUITests.xctest */ = {isa = PBXFileReference; explicitFileType = wrapper.cfbundle; includeInIndex = 0; path = CashItUITests.xctest; sourceTree = BUILT_PRODUCTS_DIR; };
		49602D2E256C198500BAD277 /* CashItUITests.swift */ = {isa = PBXFileReference; lastKnownFileType = sourcecode.swift; path = CashItUITests.swift; sourceTree = "<group>"; };
		49602D30256C198500BAD277 /* Info.plist */ = {isa = PBXFileReference; lastKnownFileType = text.plist.xml; path = Info.plist; sourceTree = "<group>"; };
		49A9E09225769B0600AA1327 /* HomeView.swift */ = {isa = PBXFileReference; lastKnownFileType = sourcecode.swift; path = HomeView.swift; sourceTree = "<group>"; };
		49CAB2E52587536A00EC984F /* MapView.swift */ = {isa = PBXFileReference; lastKnownFileType = sourcecode.swift; path = MapView.swift; sourceTree = "<group>"; };
/* End PBXFileReference section */

/* Begin PBXFrameworksBuildPhase section */
		49602D0B256C198200BAD277 /* Frameworks */ = {
			isa = PBXFrameworksBuildPhase;
			buildActionMask = 2147483647;
			files = (
			);
			runOnlyForDeploymentPostprocessing = 0;
		};
		49602D1C256C198500BAD277 /* Frameworks */ = {
			isa = PBXFrameworksBuildPhase;
			buildActionMask = 2147483647;
			files = (
			);
			runOnlyForDeploymentPostprocessing = 0;
		};
		49602D27256C198500BAD277 /* Frameworks */ = {
			isa = PBXFrameworksBuildPhase;
			buildActionMask = 2147483647;
			files = (
			);
			runOnlyForDeploymentPostprocessing = 0;
		};
/* End PBXFrameworksBuildPhase section */

/* Begin PBXGroup section */
		21D39EEA257D40BC0038B1E4 /* GiveRatingAndReview */ = {
			isa = PBXGroup;
			children = (
				21D39EEB257D40DD0038B1E4 /* GiveRatingAndReviewView.swift */,
				21D39EF3257D418D0038B1E4 /* ReviewTextField.swift */,
				21D39EFD257D77A90038B1E4 /* StarsRating.swift */,
				21D39EF8257D4DE90038B1E4 /* SubmitButton.swift */,
				21D39F05257E41D10038B1E4 /* GiveRatingAndReviewViewModel.swift */,
			);
			path = GiveRatingAndReview;
			sourceTree = "<group>";
		};
		21D8C3E0257C004500C57DAB /* History */ = {
			isa = PBXGroup;
			children = (
				21D8C3E1257C006E00C57DAB /* OrderCellView.swift */,
				21D8C3E9257C008800C57DAB /* HistoryView.swift */,
				21D39F0F257E480B0038B1E4 /* HistoryViewModel.swift */,
			);
			path = History;
			sourceTree = "<group>";
		};
		21D8C3F2257C04AB00C57DAB /* OrderDetail */ = {
			isa = PBXGroup;
			children = (
				21D8C3F4257C04CE00C57DAB /* TitleLabel.swift */,
				21D8C3FC257C04E800C57DAB /* ContentLabel.swift */,
				21D8C401257C050400C57DAB /* ReviewButton.swift */,
				21D8C406257C051900C57DAB /* OrderDetailView.swift */,
				21D39F17257EB7A80038B1E4 /* OrderDetailViewModel.swift */,
			);
			path = OrderDetail;
			sourceTree = "<group>";
		};
		2D784C73259F200F0052C2A2 /* MCProfile */ = {
			isa = PBXGroup;
			children = (
				2D0942DE259F4CAA00130193 /* MoneyCellView.swift */,
				2D784C74259F20530052C2A2 /* MCProfileView.swift */,
				2D0942E3259F4CB800130193 /* MCProfileViewModel.swift */,
			);
			path = MCProfile;
			sourceTree = "<group>";
		};
		2D784C86259F32BD0052C2A2 /* MCInfo */ = {
			isa = PBXGroup;
			children = (
				2D0942D1259F43E900130193 /* InfoCellView.swift */,
				2D784C87259F32D00052C2A2 /* MCInfoView.swift */,
				2D0942D9259F45C300130193 /* InfoViewModel.swift */,
			);
			path = MCInfo;
			sourceTree = "<group>";
		};
		2D784C8F259F331F0052C2A2 /* MCReview */ = {
			isa = PBXGroup;
			children = (
				2D0942AA259F355B00130193 /* ReviewCellView.swift */,
				2D784C90259F33350052C2A2 /* MCReviewView.swift */,
				2D0942B7259F3B4000130193 /* ReviewViewModel.swift */,
			);
			path = MCReview;
			sourceTree = "<group>";
		};
		2D784C98259F33620052C2A2 /* MCMakeAppointment */ = {
			isa = PBXGroup;
			children = (
				2D784C99259F338B0052C2A2 /* MCMakeAppointmentView.swift */,
			);
			path = MCMakeAppointment;
			sourceTree = "<group>";
		};
		490334A2256D417B00B5CCA8 /* Login */ = {
			isa = PBXGroup;
			children = (
				49033496256D416900B5CCA8 /* LoginView.swift */,
			);
			path = Login;
			sourceTree = "<group>";
		};
		490334A4256D41A800B5CCA8 /* Register */ = {
			isa = PBXGroup;
			children = (
				490334A5256D41BD00B5CCA8 /* RegisterView.swift */,
			);
			path = Register;
			sourceTree = "<group>";
		};
		490334AD256D420600B5CCA8 /* WelcomePage */ = {
			isa = PBXGroup;
			children = (
				490334AE256D421800B5CCA8 /* WelcomePageView.swift */,
			);
			path = WelcomePage;
			sourceTree = "<group>";
		};
		49602D05256C198200BAD277 = {
			isa = PBXGroup;
			children = (
				49602D10256C198200BAD277 /* CashIt */,
				49602D22256C198500BAD277 /* CashItTests */,
				49602D2D256C198500BAD277 /* CashItUITests */,
				49602D0F256C198200BAD277 /* Products */,
			);
			sourceTree = "<group>";
		};
		49602D0F256C198200BAD277 /* Products */ = {
			isa = PBXGroup;
			children = (
				49602D0E256C198200BAD277 /* CashIt.app */,
				49602D1F256C198500BAD277 /* CashItTests.xctest */,
				49602D2A256C198500BAD277 /* CashItUITests.xctest */,
			);
			name = Products;
			sourceTree = "<group>";
		};
		49602D10256C198200BAD277 /* CashIt */ = {
			isa = PBXGroup;
			children = (
				49602D11256C198200BAD277 /* CashItApp.swift */,
				490334B6256D47BF00B5CCA8 /* Notes.swift */,
				490334BE256D482000B5CCA8 /* LabelTemplate.swift */,
				21D39F0A257E475F0038B1E4 /* Transaction.swift */,
				21D01FB225893340003EBA70 /* NewReview.swift */,
				2D784C54259F1E3A0052C2A2 /* Users.swift */,
				2D784C64259F1E920052C2A2 /* Stores.swift */,
				2D784C6E259F1ECA0052C2A2 /* Reviews.swift */,
				2D784C69259F1EAB0052C2A2 /* Currency.swift */,
				2D784C81259F22770052C2A2 /* OperationalHours.swift */,
				2D0942E825A0729000130193 /* StoreViewModel.swift */,
				2D784C73259F200F0052C2A2 /* MCProfile */,
				2D784C86259F32BD0052C2A2 /* MCInfo */,
				2D784C8F259F331F0052C2A2 /* MCReview */,
				2D784C98259F33620052C2A2 /* MCMakeAppointment */,
				490334AD256D420600B5CCA8 /* WelcomePage */,
				490334A4256D41A800B5CCA8 /* Register */,
				490334A2256D417B00B5CCA8 /* Login */,
				49A9E09725769B1200AA1327 /* Home */,
				21D8C3E0257C004500C57DAB /* History */,
				21D8C3F2257C04AB00C57DAB /* OrderDetail */,
				21D39EEA257D40BC0038B1E4 /* GiveRatingAndReview */,
				49602D15256C198400BAD277 /* Assets.xcassets */,
				49602D1A256C198400BAD277 /* Info.plist */,
				49602D17256C198400BAD277 /* Preview Content */,
			);
			path = CashIt;
			sourceTree = "<group>";
		};
		49602D17256C198400BAD277 /* Preview Content */ = {
			isa = PBXGroup;
			children = (
				49602D18256C198400BAD277 /* Preview Assets.xcassets */,
			);
			path = "Preview Content";
			sourceTree = "<group>";
		};
		49602D22256C198500BAD277 /* CashItTests */ = {
			isa = PBXGroup;
			children = (
				49602D23256C198500BAD277 /* CashItTests.swift */,
				49602D25256C198500BAD277 /* Info.plist */,
			);
			path = CashItTests;
			sourceTree = "<group>";
		};
		49602D2D256C198500BAD277 /* CashItUITests */ = {
			isa = PBXGroup;
			children = (
				49602D2E256C198500BAD277 /* CashItUITests.swift */,
				49602D30256C198500BAD277 /* Info.plist */,
			);
			path = CashItUITests;
			sourceTree = "<group>";
		};
		49A9E09725769B1200AA1327 /* Home */ = {
			isa = PBXGroup;
			children = (
				49A9E09225769B0600AA1327 /* HomeView.swift */,
				49CAB2E52587536A00EC984F /* MapView.swift */,
			);
			name = Home;
			path = Login/Home;
			sourceTree = "<group>";
		};
/* End PBXGroup section */

/* Begin PBXNativeTarget section */
		49602D0D256C198200BAD277 /* CashIt */ = {
			isa = PBXNativeTarget;
			buildConfigurationList = 49602D33256C198500BAD277 /* Build configuration list for PBXNativeTarget "CashIt" */;
			buildPhases = (
				49602D0A256C198200BAD277 /* Sources */,
				49602D0B256C198200BAD277 /* Frameworks */,
				49602D0C256C198200BAD277 /* Resources */,
			);
			buildRules = (
			);
			dependencies = (
			);
			name = CashIt;
			productName = CashIt;
			productReference = 49602D0E256C198200BAD277 /* CashIt.app */;
			productType = "com.apple.product-type.application";
		};
		49602D1E256C198500BAD277 /* CashItTests */ = {
			isa = PBXNativeTarget;
			buildConfigurationList = 49602D36256C198500BAD277 /* Build configuration list for PBXNativeTarget "CashItTests" */;
			buildPhases = (
				49602D1B256C198500BAD277 /* Sources */,
				49602D1C256C198500BAD277 /* Frameworks */,
				49602D1D256C198500BAD277 /* Resources */,
			);
			buildRules = (
			);
			dependencies = (
				49602D21256C198500BAD277 /* PBXTargetDependency */,
			);
			name = CashItTests;
			productName = CashItTests;
			productReference = 49602D1F256C198500BAD277 /* CashItTests.xctest */;
			productType = "com.apple.product-type.bundle.unit-test";
		};
		49602D29256C198500BAD277 /* CashItUITests */ = {
			isa = PBXNativeTarget;
			buildConfigurationList = 49602D39256C198500BAD277 /* Build configuration list for PBXNativeTarget "CashItUITests" */;
			buildPhases = (
				49602D26256C198500BAD277 /* Sources */,
				49602D27256C198500BAD277 /* Frameworks */,
				49602D28256C198500BAD277 /* Resources */,
			);
			buildRules = (
			);
			dependencies = (
				49602D2C256C198500BAD277 /* PBXTargetDependency */,
			);
			name = CashItUITests;
			productName = CashItUITests;
			productReference = 49602D2A256C198500BAD277 /* CashItUITests.xctest */;
			productType = "com.apple.product-type.bundle.ui-testing";
		};
/* End PBXNativeTarget section */

/* Begin PBXProject section */
		49602D06256C198200BAD277 /* Project object */ = {
			isa = PBXProject;
			attributes = {
				LastSwiftUpdateCheck = 1200;
				LastUpgradeCheck = 1200;
				TargetAttributes = {
					49602D0D256C198200BAD277 = {
						CreatedOnToolsVersion = 12.0.1;
					};
					49602D1E256C198500BAD277 = {
						CreatedOnToolsVersion = 12.0.1;
						TestTargetID = 49602D0D256C198200BAD277;
					};
					49602D29256C198500BAD277 = {
						CreatedOnToolsVersion = 12.0.1;
						TestTargetID = 49602D0D256C198200BAD277;
					};
				};
			};
			buildConfigurationList = 49602D09256C198200BAD277 /* Build configuration list for PBXProject "CashIt" */;
			compatibilityVersion = "Xcode 9.3";
			developmentRegion = en;
			hasScannedForEncodings = 0;
			knownRegions = (
				en,
				Base,
			);
			mainGroup = 49602D05256C198200BAD277;
			productRefGroup = 49602D0F256C198200BAD277 /* Products */;
			projectDirPath = "";
			projectRoot = "";
			targets = (
				49602D0D256C198200BAD277 /* CashIt */,
				49602D1E256C198500BAD277 /* CashItTests */,
				49602D29256C198500BAD277 /* CashItUITests */,
			);
		};
/* End PBXProject section */

/* Begin PBXResourcesBuildPhase section */
		49602D0C256C198200BAD277 /* Resources */ = {
			isa = PBXResourcesBuildPhase;
			buildActionMask = 2147483647;
			files = (
				49602D19256C198400BAD277 /* Preview Assets.xcassets in Resources */,
				49602D16256C198400BAD277 /* Assets.xcassets in Resources */,
			);
			runOnlyForDeploymentPostprocessing = 0;
		};
		49602D1D256C198500BAD277 /* Resources */ = {
			isa = PBXResourcesBuildPhase;
			buildActionMask = 2147483647;
			files = (
			);
			runOnlyForDeploymentPostprocessing = 0;
		};
		49602D28256C198500BAD277 /* Resources */ = {
			isa = PBXResourcesBuildPhase;
			buildActionMask = 2147483647;
			files = (
			);
			runOnlyForDeploymentPostprocessing = 0;
		};
/* End PBXResourcesBuildPhase section */

/* Begin PBXSourcesBuildPhase section */
		49602D0A256C198200BAD277 /* Sources */ = {
			isa = PBXSourcesBuildPhase;
			buildActionMask = 2147483647;
			files = (
				4903349B256D416C00B5CCA8 /* LoginView.swift in Sources */,
				490334A6256D41BD00B5CCA8 /* RegisterView.swift in Sources */,
				21D39EEC257D40DD0038B1E4 /* GiveRatingAndReviewView.swift in Sources */,
				21D39EF4257D418D0038B1E4 /* ReviewTextField.swift in Sources */,
				2D0942AB259F355B00130193 /* ReviewCellView.swift in Sources */,
				490334BF256D482000B5CCA8 /* LabelTemplate.swift in Sources */,
				21D8C3F5257C04CE00C57DAB /* TitleLabel.swift in Sources */,
				2D784C6F259F1ECA0052C2A2 /* Reviews.swift in Sources */,
				49602D12256C198200BAD277 /* CashItApp.swift in Sources */,
				2D784C91259F33350052C2A2 /* MCReviewView.swift in Sources */,
				49CAB2E62587536A00EC984F /* MapView.swift in Sources */,
				49A9E09325769B0600AA1327 /* HomeView.swift in Sources */,
				21D8C3E2257C006E00C57DAB /* OrderCellView.swift in Sources */,
				21D8C407257C051900C57DAB /* OrderDetailView.swift in Sources */,
				2D0942DA259F45C300130193 /* InfoViewModel.swift in Sources */,
				21D39F18257EB7A80038B1E4 /* OrderDetailViewModel.swift in Sources */,
				2D0942E925A0729000130193 /* StoreViewModel.swift in Sources */,
				2D784C9A259F338B0052C2A2 /* MCMakeAppointmentView.swift in Sources */,
				21D39F06257E41D10038B1E4 /* GiveRatingAndReviewViewModel.swift in Sources */,
				21D39F0B257E475F0038B1E4 /* Transaction.swift in Sources */,
				21D39EFE257D77A90038B1E4 /* StarsRating.swift in Sources */,
				490334AF256D421800B5CCA8 /* WelcomePageView.swift in Sources */,
				21D8C3EA257C008800C57DAB /* HistoryView.swift in Sources */,
				21D39F10257E480B0038B1E4 /* HistoryViewModel.swift in Sources */,
				2D0942B8259F3B4000130193 /* ReviewViewModel.swift in Sources */,
				21D01FB325893340003EBA70 /* NewReview.swift in Sources */,
				2D0942E4259F4CB800130193 /* MCProfileViewModel.swift in Sources */,
				2D784C6A259F1EAB0052C2A2 /* Currency.swift in Sources */,
				21D8C3FD257C04E800C57DAB /* ContentLabel.swift in Sources */,
				2D0942D2259F43E900130193 /* InfoCellView.swift in Sources */,
				2D784C65259F1E920052C2A2 /* Stores.swift in Sources */,
				2D784C55259F1E3A0052C2A2 /* Users.swift in Sources */,
				2D784C88259F32D00052C2A2 /* MCInfoView.swift in Sources */,
				21D39EF9257D4DE90038B1E4 /* SubmitButton.swift in Sources */,
				490334B7256D47BF00B5CCA8 /* Notes.swift in Sources */,
				2D0942DF259F4CAA00130193 /* MoneyCellView.swift in Sources */,
				2D784C75259F20530052C2A2 /* MCProfileView.swift in Sources */,
				21D8C402257C050400C57DAB /* ReviewButton.swift in Sources */,
				2D784C82259F22770052C2A2 /* OperationalHours.swift in Sources */,
			);
			runOnlyForDeploymentPostprocessing = 0;
		};
		49602D1B256C198500BAD277 /* Sources */ = {
			isa = PBXSourcesBuildPhase;
			buildActionMask = 2147483647;
			files = (
				49602D24256C198500BAD277 /* CashItTests.swift in Sources */,
			);
			runOnlyForDeploymentPostprocessing = 0;
		};
		49602D26256C198500BAD277 /* Sources */ = {
			isa = PBXSourcesBuildPhase;
			buildActionMask = 2147483647;
			files = (
				49602D2F256C198500BAD277 /* CashItUITests.swift in Sources */,
			);
			runOnlyForDeploymentPostprocessing = 0;
		};
/* End PBXSourcesBuildPhase section */

/* Begin PBXTargetDependency section */
		49602D21256C198500BAD277 /* PBXTargetDependency */ = {
			isa = PBXTargetDependency;
			target = 49602D0D256C198200BAD277 /* CashIt */;
			targetProxy = 49602D20256C198500BAD277 /* PBXContainerItemProxy */;
		};
		49602D2C256C198500BAD277 /* PBXTargetDependency */ = {
			isa = PBXTargetDependency;
			target = 49602D0D256C198200BAD277 /* CashIt */;
			targetProxy = 49602D2B256C198500BAD277 /* PBXContainerItemProxy */;
		};
/* End PBXTargetDependency section */

/* Begin XCBuildConfiguration section */
		49602D31256C198500BAD277 /* Debug */ = {
			isa = XCBuildConfiguration;
			buildSettings = {
				ALWAYS_SEARCH_USER_PATHS = NO;
				CLANG_ANALYZER_NONNULL = YES;
				CLANG_ANALYZER_NUMBER_OBJECT_CONVERSION = YES_AGGRESSIVE;
				CLANG_CXX_LANGUAGE_STANDARD = "gnu++14";
				CLANG_CXX_LIBRARY = "libc++";
				CLANG_ENABLE_MODULES = YES;
				CLANG_ENABLE_OBJC_ARC = YES;
				CLANG_ENABLE_OBJC_WEAK = YES;
				CLANG_WARN_BLOCK_CAPTURE_AUTORELEASING = YES;
				CLANG_WARN_BOOL_CONVERSION = YES;
				CLANG_WARN_COMMA = YES;
				CLANG_WARN_CONSTANT_CONVERSION = YES;
				CLANG_WARN_DEPRECATED_OBJC_IMPLEMENTATIONS = YES;
				CLANG_WARN_DIRECT_OBJC_ISA_USAGE = YES_ERROR;
				CLANG_WARN_DOCUMENTATION_COMMENTS = YES;
				CLANG_WARN_EMPTY_BODY = YES;
				CLANG_WARN_ENUM_CONVERSION = YES;
				CLANG_WARN_INFINITE_RECURSION = YES;
				CLANG_WARN_INT_CONVERSION = YES;
				CLANG_WARN_NON_LITERAL_NULL_CONVERSION = YES;
				CLANG_WARN_OBJC_IMPLICIT_RETAIN_SELF = YES;
				CLANG_WARN_OBJC_LITERAL_CONVERSION = YES;
				CLANG_WARN_OBJC_ROOT_CLASS = YES_ERROR;
				CLANG_WARN_QUOTED_INCLUDE_IN_FRAMEWORK_HEADER = YES;
				CLANG_WARN_RANGE_LOOP_ANALYSIS = YES;
				CLANG_WARN_STRICT_PROTOTYPES = YES;
				CLANG_WARN_SUSPICIOUS_MOVE = YES;
				CLANG_WARN_UNGUARDED_AVAILABILITY = YES_AGGRESSIVE;
				CLANG_WARN_UNREACHABLE_CODE = YES;
				CLANG_WARN__DUPLICATE_METHOD_MATCH = YES;
				COPY_PHASE_STRIP = NO;
				DEBUG_INFORMATION_FORMAT = dwarf;
				ENABLE_STRICT_OBJC_MSGSEND = YES;
				ENABLE_TESTABILITY = YES;
				GCC_C_LANGUAGE_STANDARD = gnu11;
				GCC_DYNAMIC_NO_PIC = NO;
				GCC_NO_COMMON_BLOCKS = YES;
				GCC_OPTIMIZATION_LEVEL = 0;
				GCC_PREPROCESSOR_DEFINITIONS = (
					"DEBUG=1",
					"$(inherited)",
				);
				GCC_WARN_64_TO_32_BIT_CONVERSION = YES;
				GCC_WARN_ABOUT_RETURN_TYPE = YES_ERROR;
				GCC_WARN_UNDECLARED_SELECTOR = YES;
				GCC_WARN_UNINITIALIZED_AUTOS = YES_AGGRESSIVE;
				GCC_WARN_UNUSED_FUNCTION = YES;
				GCC_WARN_UNUSED_VARIABLE = YES;
				IPHONEOS_DEPLOYMENT_TARGET = 14.0;
				MTL_ENABLE_DEBUG_INFO = INCLUDE_SOURCE;
				MTL_FAST_MATH = YES;
				ONLY_ACTIVE_ARCH = YES;
				SDKROOT = iphoneos;
				SWIFT_ACTIVE_COMPILATION_CONDITIONS = DEBUG;
				SWIFT_OPTIMIZATION_LEVEL = "-Onone";
			};
			name = Debug;
		};
		49602D32256C198500BAD277 /* Release */ = {
			isa = XCBuildConfiguration;
			buildSettings = {
				ALWAYS_SEARCH_USER_PATHS = NO;
				CLANG_ANALYZER_NONNULL = YES;
				CLANG_ANALYZER_NUMBER_OBJECT_CONVERSION = YES_AGGRESSIVE;
				CLANG_CXX_LANGUAGE_STANDARD = "gnu++14";
				CLANG_CXX_LIBRARY = "libc++";
				CLANG_ENABLE_MODULES = YES;
				CLANG_ENABLE_OBJC_ARC = YES;
				CLANG_ENABLE_OBJC_WEAK = YES;
				CLANG_WARN_BLOCK_CAPTURE_AUTORELEASING = YES;
				CLANG_WARN_BOOL_CONVERSION = YES;
				CLANG_WARN_COMMA = YES;
				CLANG_WARN_CONSTANT_CONVERSION = YES;
				CLANG_WARN_DEPRECATED_OBJC_IMPLEMENTATIONS = YES;
				CLANG_WARN_DIRECT_OBJC_ISA_USAGE = YES_ERROR;
				CLANG_WARN_DOCUMENTATION_COMMENTS = YES;
				CLANG_WARN_EMPTY_BODY = YES;
				CLANG_WARN_ENUM_CONVERSION = YES;
				CLANG_WARN_INFINITE_RECURSION = YES;
				CLANG_WARN_INT_CONVERSION = YES;
				CLANG_WARN_NON_LITERAL_NULL_CONVERSION = YES;
				CLANG_WARN_OBJC_IMPLICIT_RETAIN_SELF = YES;
				CLANG_WARN_OBJC_LITERAL_CONVERSION = YES;
				CLANG_WARN_OBJC_ROOT_CLASS = YES_ERROR;
				CLANG_WARN_QUOTED_INCLUDE_IN_FRAMEWORK_HEADER = YES;
				CLANG_WARN_RANGE_LOOP_ANALYSIS = YES;
				CLANG_WARN_STRICT_PROTOTYPES = YES;
				CLANG_WARN_SUSPICIOUS_MOVE = YES;
				CLANG_WARN_UNGUARDED_AVAILABILITY = YES_AGGRESSIVE;
				CLANG_WARN_UNREACHABLE_CODE = YES;
				CLANG_WARN__DUPLICATE_METHOD_MATCH = YES;
				COPY_PHASE_STRIP = NO;
				DEBUG_INFORMATION_FORMAT = "dwarf-with-dsym";
				ENABLE_NS_ASSERTIONS = NO;
				ENABLE_STRICT_OBJC_MSGSEND = YES;
				GCC_C_LANGUAGE_STANDARD = gnu11;
				GCC_NO_COMMON_BLOCKS = YES;
				GCC_WARN_64_TO_32_BIT_CONVERSION = YES;
				GCC_WARN_ABOUT_RETURN_TYPE = YES_ERROR;
				GCC_WARN_UNDECLARED_SELECTOR = YES;
				GCC_WARN_UNINITIALIZED_AUTOS = YES_AGGRESSIVE;
				GCC_WARN_UNUSED_FUNCTION = YES;
				GCC_WARN_UNUSED_VARIABLE = YES;
				IPHONEOS_DEPLOYMENT_TARGET = 14.0;
				MTL_ENABLE_DEBUG_INFO = NO;
				MTL_FAST_MATH = YES;
				SDKROOT = iphoneos;
				SWIFT_COMPILATION_MODE = wholemodule;
				SWIFT_OPTIMIZATION_LEVEL = "-O";
				VALIDATE_PRODUCT = YES;
			};
			name = Release;
		};
		49602D34256C198500BAD277 /* Debug */ = {
			isa = XCBuildConfiguration;
			buildSettings = {
				ASSETCATALOG_COMPILER_APPICON_NAME = AppIcon;
				ASSETCATALOG_COMPILER_GLOBAL_ACCENT_COLOR_NAME = AccentColor;
				CODE_SIGN_STYLE = Automatic;
				DEVELOPMENT_ASSET_PATHS = "\"CashIt/Preview Content\"";
				DEVELOPMENT_TEAM = N89WD274V4;
				ENABLE_PREVIEWS = YES;
				INFOPLIST_FILE = CashIt/Info.plist;
				IPHONEOS_DEPLOYMENT_TARGET = 14.0;
				LD_RUNPATH_SEARCH_PATHS = (
					"$(inherited)",
					"@executable_path/Frameworks",
				);
				PRODUCT_BUNDLE_IDENTIFIER = Skripsi.CashIt;
				PRODUCT_NAME = "$(TARGET_NAME)";
				SWIFT_VERSION = 5.0;
				TARGETED_DEVICE_FAMILY = 1;
			};
			name = Debug;
		};
		49602D35256C198500BAD277 /* Release */ = {
			isa = XCBuildConfiguration;
			buildSettings = {
				ASSETCATALOG_COMPILER_APPICON_NAME = AppIcon;
				ASSETCATALOG_COMPILER_GLOBAL_ACCENT_COLOR_NAME = AccentColor;
				CODE_SIGN_STYLE = Automatic;
				DEVELOPMENT_ASSET_PATHS = "\"CashIt/Preview Content\"";
				DEVELOPMENT_TEAM = N89WD274V4;
				ENABLE_PREVIEWS = YES;
				INFOPLIST_FILE = CashIt/Info.plist;
				IPHONEOS_DEPLOYMENT_TARGET = 14.0;
				LD_RUNPATH_SEARCH_PATHS = (
					"$(inherited)",
					"@executable_path/Frameworks",
				);
				PRODUCT_BUNDLE_IDENTIFIER = Skripsi.CashIt;
				PRODUCT_NAME = "$(TARGET_NAME)";
				SWIFT_VERSION = 5.0;
				TARGETED_DEVICE_FAMILY = 1;
			};
			name = Release;
		};
		49602D37256C198500BAD277 /* Debug */ = {
			isa = XCBuildConfiguration;
			buildSettings = {
				ALWAYS_EMBED_SWIFT_STANDARD_LIBRARIES = YES;
				BUNDLE_LOADER = "$(TEST_HOST)";
				CODE_SIGN_STYLE = Automatic;
				DEVELOPMENT_TEAM = N89WD274V4;
				INFOPLIST_FILE = CashItTests/Info.plist;
				IPHONEOS_DEPLOYMENT_TARGET = 14.0;
				LD_RUNPATH_SEARCH_PATHS = (
					"$(inherited)",
					"@executable_path/Frameworks",
					"@loader_path/Frameworks",
				);
				PRODUCT_BUNDLE_IDENTIFIER = Skripsi.CashItTests;
				PRODUCT_NAME = "$(TARGET_NAME)";
				SWIFT_VERSION = 5.0;
				TARGETED_DEVICE_FAMILY = "1,2";
				TEST_HOST = "$(BUILT_PRODUCTS_DIR)/CashIt.app/CashIt";
			};
			name = Debug;
		};
		49602D38256C198500BAD277 /* Release */ = {
			isa = XCBuildConfiguration;
			buildSettings = {
				ALWAYS_EMBED_SWIFT_STANDARD_LIBRARIES = YES;
				BUNDLE_LOADER = "$(TEST_HOST)";
				CODE_SIGN_STYLE = Automatic;
				DEVELOPMENT_TEAM = N89WD274V4;
				INFOPLIST_FILE = CashItTests/Info.plist;
				IPHONEOS_DEPLOYMENT_TARGET = 14.0;
				LD_RUNPATH_SEARCH_PATHS = (
					"$(inherited)",
					"@executable_path/Frameworks",
					"@loader_path/Frameworks",
				);
				PRODUCT_BUNDLE_IDENTIFIER = Skripsi.CashItTests;
				PRODUCT_NAME = "$(TARGET_NAME)";
				SWIFT_VERSION = 5.0;
				TARGETED_DEVICE_FAMILY = "1,2";
				TEST_HOST = "$(BUILT_PRODUCTS_DIR)/CashIt.app/CashIt";
			};
			name = Release;
		};
		49602D3A256C198500BAD277 /* Debug */ = {
			isa = XCBuildConfiguration;
			buildSettings = {
				ALWAYS_EMBED_SWIFT_STANDARD_LIBRARIES = YES;
				CODE_SIGN_STYLE = Automatic;
				DEVELOPMENT_TEAM = N89WD274V4;
				INFOPLIST_FILE = CashItUITests/Info.plist;
				LD_RUNPATH_SEARCH_PATHS = (
					"$(inherited)",
					"@executable_path/Frameworks",
					"@loader_path/Frameworks",
				);
				PRODUCT_BUNDLE_IDENTIFIER = Skripsi.CashItUITests;
				PRODUCT_NAME = "$(TARGET_NAME)";
				SWIFT_VERSION = 5.0;
				TARGETED_DEVICE_FAMILY = "1,2";
				TEST_TARGET_NAME = CashIt;
			};
			name = Debug;
		};
		49602D3B256C198500BAD277 /* Release */ = {
			isa = XCBuildConfiguration;
			buildSettings = {
				ALWAYS_EMBED_SWIFT_STANDARD_LIBRARIES = YES;
				CODE_SIGN_STYLE = Automatic;
				DEVELOPMENT_TEAM = N89WD274V4;
				INFOPLIST_FILE = CashItUITests/Info.plist;
				LD_RUNPATH_SEARCH_PATHS = (
					"$(inherited)",
					"@executable_path/Frameworks",
					"@loader_path/Frameworks",
				);
				PRODUCT_BUNDLE_IDENTIFIER = Skripsi.CashItUITests;
				PRODUCT_NAME = "$(TARGET_NAME)";
				SWIFT_VERSION = 5.0;
				TARGETED_DEVICE_FAMILY = "1,2";
				TEST_TARGET_NAME = CashIt;
			};
			name = Release;
		};
/* End XCBuildConfiguration section */

/* Begin XCConfigurationList section */
		49602D09256C198200BAD277 /* Build configuration list for PBXProject "CashIt" */ = {
			isa = XCConfigurationList;
			buildConfigurations = (
				49602D31256C198500BAD277 /* Debug */,
				49602D32256C198500BAD277 /* Release */,
			);
			defaultConfigurationIsVisible = 0;
			defaultConfigurationName = Release;
		};
		49602D33256C198500BAD277 /* Build configuration list for PBXNativeTarget "CashIt" */ = {
			isa = XCConfigurationList;
			buildConfigurations = (
				49602D34256C198500BAD277 /* Debug */,
				49602D35256C198500BAD277 /* Release */,
			);
			defaultConfigurationIsVisible = 0;
			defaultConfigurationName = Release;
		};
		49602D36256C198500BAD277 /* Build configuration list for PBXNativeTarget "CashItTests" */ = {
			isa = XCConfigurationList;
			buildConfigurations = (
				49602D37256C198500BAD277 /* Debug */,
				49602D38256C198500BAD277 /* Release */,
			);
			defaultConfigurationIsVisible = 0;
			defaultConfigurationName = Release;
		};
		49602D39256C198500BAD277 /* Build configuration list for PBXNativeTarget "CashItUITests" */ = {
			isa = XCConfigurationList;
			buildConfigurations = (
				49602D3A256C198500BAD277 /* Debug */,
				49602D3B256C198500BAD277 /* Release */,
			);
			defaultConfigurationIsVisible = 0;
			defaultConfigurationName = Release;
		};
/* End XCConfigurationList section */
	};
	rootObject = 49602D06256C198200BAD277 /* Project object */;
}
